
Microsoft Visual Studio Solution File, Format Version 12.00
# Visual Studio Version 16
VisualStudioVersion = 16.0.30114.105
MinimumVisualStudioVersion = 10.0.40219.1
Project("{FAE04EC0-301F-11D3-BF4B-00C04F79EFBC}") = "note-taker", "note-taker\note-taker.csproj", "{8C94CD15-2E50-4B56-9938-2C4AE0336C65}"
EndProject
Project("{FAE04EC0-301F-11D3-BF4B-00C04F79EFBC}") = "note-taker.Tests", "note-taker.Tests\note-taker.Tests.csproj", "{6B482F58-8C4E-492C-BD06-BF231BC060F0}"
EndProject
Global
	GlobalSection(SolutionConfigurationPlatforms) = preSolution
		Debug|Any CPU = Debug|Any CPU
		Release|Any CPU = Release|Any CPU
	EndGlobalSection
	GlobalSection(SolutionProperties) = preSolution
		HideSolutionNode = FALSE
	EndGlobalSection
	GlobalSection(ProjectConfigurationPlatforms) = postSolution
		{8C94CD15-2E50-4B56-9938-2C4AE0336C65}.Debug|Any CPU.ActiveCfg = Debug|Any CPU
		{8C94CD15-2E50-4B56-9938-2C4AE0336C65}.Debug|Any CPU.Build.0 = Debug|Any CPU
		{8C94CD15-2E50-4B56-9938-2C4AE0336C65}.Release|Any CPU.ActiveCfg = Release|Any CPU
		{8C94CD15-2E50-4B56-9938-2C4AE0336C65}.Release|Any CPU.Build.0 = Release|Any CPU
		{6B482F58-8C4E-492C-BD06-BF231BC060F0}.Debug|Any CPU.ActiveCfg = Debug|Any CPU
		{6B482F58-8C4E-492C-BD06-BF231BC060F0}.Debug|Any CPU.Build.0 = Debug|Any CPU
		{6B482F58-8C4E-492C-BD06-BF231BC060F0}.Release|Any CPU.ActiveCfg = Release|Any CPU
		{6B482F58-8C4E-492C-BD06-BF231BC060F0}.Release|Any CPU.Build.0 = Release|Any CPU
	EndGlobalSection
EndGlobal
